
Microsoft Visual Studio Solution File, Format Version 12.00
# Visual Studio Version 18
VisualStudioVersion = 18.6.11723.189 insiders
MinimumVisualStudioVersion = 10.0.40219.1
Project("{FAE04EC0-301F-11D3-BF4B-00C04F79EFBC}") = "RadioZapper", "RadioZapper.csproj", "{194E6E21-9A04-B2BA-341F-DB96075C9481}"
EndProject
Global
	GlobalSection(SolutionConfigurationPlatforms) = preSolution
		Debug|Any CPU = Debug|Any CPU
		Release|Any CPU = Release|Any CPU
	EndGlobalSection
	GlobalSection(ProjectConfigurationPlatforms) = postSolution
		{194E6E21-9A04-B2BA-341F-DB96075C9481}.Debug|Any CPU.ActiveCfg = Debug|Any CPU
		{194E6E21-9A04-B2BA-341F-DB96075C9481}.Debug|Any CPU.Build.0 = Debug|Any CPU
		{194E6E21-9A04-B2BA-341F-DB96075C9481}.Release|Any CPU.ActiveCfg = Release|Any CPU
		{194E6E21-9A04-B2BA-341F-DB96075C9481}.Release|Any CPU.Build.0 = Release|Any CPU
	EndGlobalSection
	GlobalSection(SolutionProperties) = preSolution
		HideSolutionNode = FALSE
	EndGlobalSection
	GlobalSection(ExtensibilityGlobals) = postSolution
		SolutionGuid = {CD61B1D5-F558-4B33-BB24-D61EF3B63D11}
	EndGlobalSection
EndGlobal
